
Microsoft Visual Studio Solution File, Format Version 12.00
# Visual Studio Version 17
VisualStudioVersion = 17.5.33627.172
MinimumVisualStudioVersion = 10.0.40219.1
Project("{FAE04EC0-301F-11D3-BF4B-00C04F79EFBC}") = "PostlyApi", "PostlyApi\PostlyApi.csproj", "{A0B53F47-CE16-401B-AA0A-29A4FB8580B5}"
EndProject
Global
	GlobalSection(SolutionConfigurationPlatforms) = preSolution
		Debug|Any CPU = Debug|Any CPU
		Release|Any CPU = Release|Any CPU
	EndGlobalSection
	GlobalSection(ProjectConfigurationPlatforms) = postSolution
		{A0B53F47-CE16-401B-AA0A-29A4FB8580B5}.Debug|Any CPU.ActiveCfg = Debug|Any CPU
		{A0B53F47-CE16-401B-AA0A-29A4FB8580B5}.Debug|Any CPU.Build.0 = Debug|Any CPU
		{A0B53F47-CE16-401B-AA0A-29A4FB8580B5}.Release|Any CPU.ActiveCfg = Release|Any CPU
		{A0B53F47-CE16-401B-AA0A-29A4FB8580B5}.Release|Any CPU.Build.0 = Release|Any CPU
	EndGlobalSection
	GlobalSection(SolutionProperties) = preSolution
		HideSolutionNode = FALSE
	EndGlobalSection
	GlobalSection(ExtensibilityGlobals) = postSolution
		SolutionGuid = {CDB0E641-6FBA-4509-86CA-22FF646A63D0}
	EndGlobalSection
EndGlobal
